<?xml version="1.0" encoding="UTF-8" standalone="yes" ?>
<CodeBlocks_project_file>
	<FileVersion major="1" minor="6" />
	<Project>
		<Option title="labyrinth" />
		<Option pch_mode="0" />
		<Option compiler="gcc" />
		<Build>
			<Target title="Debug">
				<Option output="bin\Debug\labyrinth" prefix_auto="1" extension_auto="1" />
				<Option working_dir="OgreSDK_mingw_v1-7-2\bin\Debug" />
				<Option object_output="obj\Debug\" />
				<Option type="1" />
				<Option compiler="gcc" />
				<Compiler>
					<Add option="-g" />
				</Compiler>
			</Target>
			<Target title="Release">
				<Option output="bin\Release\labyrinth" prefix_auto="1" extension_auto="1" />
				<Option object_output="obj\Release\" />
				<Option type="1" />
				<Option compiler="gcc" />
				<Compiler>
					<Add option="-O2" />
				</Compiler>
				<Linker>
					<Add option="-s" />
				</Linker>
			</Target>
		</Build>
		<Compiler>
			<Add option="-Wall" />
			<Add option="-fexceptions" />
			<Add directory="OgreSDK_mingw_v1-7-2\include" />
			<Add directory="OgreSDK_mingw_v1-7-2\boost_1_44" />
		</Compiler>
		<Linker>
			<Add library="OgreSDK_mingw_v1-7-2\lib\debug\libOIS_d.dll.a" />
			<Add library="OgreSDK_mingw_v1-7-2\lib\debug\libOgreMain_d.dll.a" />
			<Add directory="OgreSDK_mingw_v1-7-2\lib\debug" />
			<Add directory="OgreSDK_mingw_v1-7-2\boost_1_44\lib" />
		</Linker>
		<Unit filename="main.cpp" />
		<Unit filename="map.cpp">
			<Option compile="0" />
		</Unit>
		<Unit filename="map.h">
			<Option target="&lt;{~None~}&gt;" />
		</Unit>
		<Unit filename="optimization.cpp">
			<Option compile="0" />
		</Unit>
		<Unit filename="optimization.h">
			<Option target="Release" />
		</Unit>
		<Unit filename="xml\pugiconfig.hpp">
			<Option target="Release" />
		</Unit>
		<Unit filename="xml\pugixml.cpp">
			<Option compile="0" />
		</Unit>
		<Unit filename="xml\pugixml.hpp">
			<Option target="Release" />
		</Unit>
		<Extensions>
			<code_completion />
			<debugger />
		</Extensions>
	</Project>
</CodeBlocks_project_file>
